
Microsoft Visual Studio Solution File, Format Version 12.00
# Visual Studio Version 17
VisualStudioVersion = 17.7.34202.233
MinimumVisualStudioVersion = 10.0.40219.1
Project("{9A19103F-16F7-4668-BE54-9A1E7A4F7556}") = "Domain", "Domain\Domain.csproj", "{AB26DA00-911E-4440-BDE6-21F8ED7F754E}"
EndProject
Project("{9A19103F-16F7-4668-BE54-9A1E7A4F7556}") = "Application", "Application\Application.csproj", "{E8639D00-D775-43AE-90F3-1D7730C5D79D}"
EndProject
Project("{2150E333-8FDC-42A3-9474-1A3956D46DE8}") = "src", "src", "{A83DA0D6-D14E-45F6-82DA-E99FEB5743EB}"
EndProject
Project("{2150E333-8FDC-42A3-9474-1A3956D46DE8}") = "tests", "tests", "{BADE889E-0458-4B4C-A506-73C670ADCDF4}"
EndProject
Project("{2150E333-8FDC-42A3-9474-1A3956D46DE8}") = "Core", "Core", "{B152A734-9438-436A-800C-568678814504}"
EndProject
Project("{2150E333-8FDC-42A3-9474-1A3956D46DE8}") = "API", "API", "{A87864EC-3063-44C6-9346-EF9E67BADB68}"
EndProject
Project("{9A19103F-16F7-4668-BE54-9A1E7A4F7556}") = "Api", "Api\Api.csproj", "{409EDBC7-F062-41C7-81AA-5C5C11F262EC}"
EndProject
Project("{2150E333-8FDC-42A3-9474-1A3956D46DE8}") = "Infrastructure", "Infrastructure", "{60B5639D-F916-4D07-932D-F32F8056C172}"
EndProject
Project("{9A19103F-16F7-4668-BE54-9A1E7A4F7556}") = "Infrastructure", "Infrastructure\Infrastructure.csproj", "{FC73ED94-CA89-49FB-B6BB-063A5175D0F5}"
EndProject
Project("{9A19103F-16F7-4668-BE54-9A1E7A4F7556}") = "Persistence", "Persistence\Persistence.csproj", "{00B9A679-4F1E-4634-97CC-E061C93D81DC}"
EndProject
Project("{FAE04EC0-301F-11D3-BF4B-00C04F79EFBC}") = "CRM.Backend.UnitTests", "CRM.Backend.UnitTests\CRM.Backend.UnitTests.csproj", "{20D3D350-7AC9-41EB-97B1-B71B2A93060F}"
EndProject
Project("{FAE04EC0-301F-11D3-BF4B-00C04F79EFBC}") = "CRM.Backend.IntegrationTests", "CRM.Backend.IntegrationTests\CRM.Backend.IntegrationTests.csproj", "{744CC099-DAAC-47CD-B4EE-60AC0E3A233A}"
EndProject
Global
	GlobalSection(SolutionConfigurationPlatforms) = preSolution
		Debug|Any CPU = Debug|Any CPU
		Release|Any CPU = Release|Any CPU
	EndGlobalSection
	GlobalSection(ProjectConfigurationPlatforms) = postSolution
		{AB26DA00-911E-4440-BDE6-21F8ED7F754E}.Debug|Any CPU.ActiveCfg = Debug|Any CPU
		{AB26DA00-911E-4440-BDE6-21F8ED7F754E}.Debug|Any CPU.Build.0 = Debug|Any CPU
		{AB26DA00-911E-4440-BDE6-21F8ED7F754E}.Release|Any CPU.ActiveCfg = Release|Any CPU
		{AB26DA00-911E-4440-BDE6-21F8ED7F754E}.Release|Any CPU.Build.0 = Release|Any CPU
		{E8639D00-D775-43AE-90F3-1D7730C5D79D}.Debug|Any CPU.ActiveCfg = Debug|Any CPU
		{E8639D00-D775-43AE-90F3-1D7730C5D79D}.Debug|Any CPU.Build.0 = Debug|Any CPU
		{E8639D00-D775-43AE-90F3-1D7730C5D79D}.Release|Any CPU.ActiveCfg = Release|Any CPU
		{E8639D00-D775-43AE-90F3-1D7730C5D79D}.Release|Any CPU.Build.0 = Release|Any CPU
		{409EDBC7-F062-41C7-81AA-5C5C11F262EC}.Debug|Any CPU.ActiveCfg = Debug|Any CPU
		{409EDBC7-F062-41C7-81AA-5C5C11F262EC}.Debug|Any CPU.Build.0 = Debug|Any CPU
		{409EDBC7-F062-41C7-81AA-5C5C11F262EC}.Release|Any CPU.ActiveCfg = Release|Any CPU
		{409EDBC7-F062-41C7-81AA-5C5C11F262EC}.Release|Any CPU.Build.0 = Release|Any CPU
		{FC73ED94-CA89-49FB-B6BB-063A5175D0F5}.Debug|Any CPU.ActiveCfg = Debug|Any CPU
		{FC73ED94-CA89-49FB-B6BB-063A5175D0F5}.Debug|Any CPU.Build.0 = Debug|Any CPU
		{FC73ED94-CA89-49FB-B6BB-063A5175D0F5}.Release|Any CPU.ActiveCfg = Release|Any CPU
		{FC73ED94-CA89-49FB-B6BB-063A5175D0F5}.Release|Any CPU.Build.0 = Release|Any CPU
		{00B9A679-4F1E-4634-97CC-E061C93D81DC}.Debug|Any CPU.ActiveCfg = Debug|Any CPU
		{00B9A679-4F1E-4634-97CC-E061C93D81DC}.Debug|Any CPU.Build.0 = Debug|Any CPU
		{00B9A679-4F1E-4634-97CC-E061C93D81DC}.Release|Any CPU.ActiveCfg = Release|Any CPU
		{00B9A679-4F1E-4634-97CC-E061C93D81DC}.Release|Any CPU.Build.0 = Release|Any CPU
		{20D3D350-7AC9-41EB-97B1-B71B2A93060F}.Debug|Any CPU.ActiveCfg = Debug|Any CPU
		{20D3D350-7AC9-41EB-97B1-B71B2A93060F}.Debug|Any CPU.Build.0 = Debug|Any CPU
		{20D3D350-7AC9-41EB-97B1-B71B2A93060F}.Release|Any CPU.ActiveCfg = Release|Any CPU
		{20D3D350-7AC9-41EB-97B1-B71B2A93060F}.Release|Any CPU.Build.0 = Release|Any CPU
		{744CC099-DAAC-47CD-B4EE-60AC0E3A233A}.Debug|Any CPU.ActiveCfg = Debug|Any CPU
		{744CC099-DAAC-47CD-B4EE-60AC0E3A233A}.Debug|Any CPU.Build.0 = Debug|Any CPU
		{744CC099-DAAC-47CD-B4EE-60AC0E3A233A}.Release|Any CPU.ActiveCfg = Release|Any CPU
		{744CC099-DAAC-47CD-B4EE-60AC0E3A233A}.Release|Any CPU.Build.0 = Release|Any CPU
	EndGlobalSection
	GlobalSection(SolutionProperties) = preSolution
		HideSolutionNode = FALSE
	EndGlobalSection
	GlobalSection(NestedProjects) = preSolution
		{AB26DA00-911E-4440-BDE6-21F8ED7F754E} = {B152A734-9438-436A-800C-568678814504}
		{E8639D00-D775-43AE-90F3-1D7730C5D79D} = {B152A734-9438-436A-800C-568678814504}
		{B152A734-9438-436A-800C-568678814504} = {A83DA0D6-D14E-45F6-82DA-E99FEB5743EB}
		{A87864EC-3063-44C6-9346-EF9E67BADB68} = {A83DA0D6-D14E-45F6-82DA-E99FEB5743EB}
		{409EDBC7-F062-41C7-81AA-5C5C11F262EC} = {A87864EC-3063-44C6-9346-EF9E67BADB68}
		{60B5639D-F916-4D07-932D-F32F8056C172} = {A83DA0D6-D14E-45F6-82DA-E99FEB5743EB}
		{FC73ED94-CA89-49FB-B6BB-063A5175D0F5} = {60B5639D-F916-4D07-932D-F32F8056C172}
		{00B9A679-4F1E-4634-97CC-E061C93D81DC} = {60B5639D-F916-4D07-932D-F32F8056C172}
		{20D3D350-7AC9-41EB-97B1-B71B2A93060F} = {BADE889E-0458-4B4C-A506-73C670ADCDF4}
		{744CC099-DAAC-47CD-B4EE-60AC0E3A233A} = {BADE889E-0458-4B4C-A506-73C670ADCDF4}
	EndGlobalSection
	GlobalSection(ExtensibilityGlobals) = postSolution
		SolutionGuid = {21400342-817B-49BA-8E06-62A3BDB0F70C}
	EndGlobalSection
EndGlobal
